
Microsoft Visual Studio Solution File, Format Version 12.00
# Visual Studio Version 17
VisualStudioVersion = 17.4.33213.308
MinimumVisualStudioVersion = 10.0.40219.1
Project("{FAE04EC0-301F-11D3-BF4B-00C04F79EFBC}") = "News.Android", "News.Android\News.Android.csproj", "{6562A5EC-D4E8-4748-A51A-11CB5EBC579A}"
EndProject
Project("{FAE04EC0-301F-11D3-BF4B-00C04F79EFBC}") = "News.iOS", "News.iOS\News.iOS.csproj", "{7D238FD8-EF1C-4AF0-9968-4606CF629C20}"
EndProject
Project("{FAE04EC0-301F-11D3-BF4B-00C04F79EFBC}") = "News", "News\News.csproj", "{87C3018F-7A95-414B-BB48-A30CB554B56B}"
EndProject
Global
	GlobalSection(SolutionConfigurationPlatforms) = preSolution
		Debug|Any CPU = Debug|Any CPU
		Debug|iPhone = Debug|iPhone
		Debug|iPhoneSimulator = Debug|iPhoneSimulator
		Release|Any CPU = Release|Any CPU
		Release|iPhone = Release|iPhone
		Release|iPhoneSimulator = Release|iPhoneSimulator
	EndGlobalSection
	GlobalSection(ProjectConfigurationPlatforms) = postSolution
		{6562A5EC-D4E8-4748-A51A-11CB5EBC579A}.Debug|Any CPU.ActiveCfg = Debug|Any CPU
		{6562A5EC-D4E8-4748-A51A-11CB5EBC579A}.Debug|Any CPU.Build.0 = Debug|Any CPU
		{6562A5EC-D4E8-4748-A51A-11CB5EBC579A}.Debug|Any CPU.Deploy.0 = Debug|Any CPU
		{6562A5EC-D4E8-4748-A51A-11CB5EBC579A}.Debug|iPhone.ActiveCfg = Debug|Any CPU
		{6562A5EC-D4E8-4748-A51A-11CB5EBC579A}.Debug|iPhone.Build.0 = Debug|Any CPU
		{6562A5EC-D4E8-4748-A51A-11CB5EBC579A}.Debug|iPhone.Deploy.0 = Debug|Any CPU
		{6562A5EC-D4E8-4748-A51A-11CB5EBC579A}.Debug|iPhoneSimulator.ActiveCfg = Debug|Any CPU
		{6562A5EC-D4E8-4748-A51A-11CB5EBC579A}.Debug|iPhoneSimulator.Build.0 = Debug|Any CPU
		{6562A5EC-D4E8-4748-A51A-11CB5EBC579A}.Debug|iPhoneSimulator.Deploy.0 = Debug|Any CPU
		{6562A5EC-D4E8-4748-A51A-11CB5EBC579A}.Release|Any CPU.ActiveCfg = Release|Any CPU
		{6562A5EC-D4E8-4748-A51A-11CB5EBC579A}.Release|Any CPU.Build.0 = Release|Any CPU
		{6562A5EC-D4E8-4748-A51A-11CB5EBC579A}.Release|Any CPU.Deploy.0 = Release|Any CPU
		{6562A5EC-D4E8-4748-A51A-11CB5EBC579A}.Release|iPhone.ActiveCfg = Release|Any CPU
		{6562A5EC-D4E8-4748-A51A-11CB5EBC579A}.Release|iPhone.Build.0 = Release|Any CPU
		{6562A5EC-D4E8-4748-A51A-11CB5EBC579A}.Release|iPhone.Deploy.0 = Release|Any CPU
		{6562A5EC-D4E8-4748-A51A-11CB5EBC579A}.Release|iPhoneSimulator.ActiveCfg = Release|Any CPU
		{6562A5EC-D4E8-4748-A51A-11CB5EBC579A}.Release|iPhoneSimulator.Build.0 = Release|Any CPU
		{6562A5EC-D4E8-4748-A51A-11CB5EBC579A}.Release|iPhoneSimulator.Deploy.0 = Release|Any CPU
		{7D238FD8-EF1C-4AF0-9968-4606CF629C20}.Debug|Any CPU.ActiveCfg = Debug|iPhone
		{7D238FD8-EF1C-4AF0-9968-4606CF629C20}.Debug|Any CPU.Build.0 = Debug|iPhone
		{7D238FD8-EF1C-4AF0-9968-4606CF629C20}.Debug|Any CPU.Deploy.0 = Debug|iPhone
		{7D238FD8-EF1C-4AF0-9968-4606CF629C20}.Debug|iPhone.ActiveCfg = Debug|iPhone
		{7D238FD8-EF1C-4AF0-9968-4606CF629C20}.Debug|iPhone.Build.0 = Debug|iPhone
		{7D238FD8-EF1C-4AF0-9968-4606CF629C20}.Debug|iPhone.Deploy.0 = Debug|iPhone
		{7D238FD8-EF1C-4AF0-9968-4606CF629C20}.Debug|iPhoneSimulator.ActiveCfg = Debug|iPhoneSimulator
		{7D238FD8-EF1C-4AF0-9968-4606CF629C20}.Debug|iPhoneSimulator.Build.0 = Debug|iPhoneSimulator
		{7D238FD8-EF1C-4AF0-9968-4606CF629C20}.Debug|iPhoneSimulator.Deploy.0 = Debug|iPhoneSimulator
		{7D238FD8-EF1C-4AF0-9968-4606CF629C20}.Release|Any CPU.ActiveCfg = Release|iPhoneSimulator
		{7D238FD8-EF1C-4AF0-9968-4606CF629C20}.Release|Any CPU.Build.0 = Release|iPhoneSimulator
		{7D238FD8-EF1C-4AF0-9968-4606CF629C20}.Release|Any CPU.Deploy.0 = Release|iPhoneSimulator
		{7D238FD8-EF1C-4AF0-9968-4606CF629C20}.Release|iPhone.ActiveCfg = Release|iPhone
		{7D238FD8-EF1C-4AF0-9968-4606CF629C20}.Release|iPhone.Build.0 = Release|iPhone
		{7D238FD8-EF1C-4AF0-9968-4606CF629C20}.Release|iPhone.Deploy.0 = Release|iPhone
		{7D238FD8-EF1C-4AF0-9968-4606CF629C20}.Release|iPhoneSimulator.ActiveCfg = Release|iPhoneSimulator
		{7D238FD8-EF1C-4AF0-9968-4606CF629C20}.Release|iPhoneSimulator.Build.0 = Release|iPhoneSimulator
		{7D238FD8-EF1C-4AF0-9968-4606CF629C20}.Release|iPhoneSimulator.Deploy.0 = Release|iPhoneSimulator
		{87C3018F-7A95-414B-BB48-A30CB554B56B}.Debug|Any CPU.ActiveCfg = Debug|Any CPU
		{87C3018F-7A95-414B-BB48-A30CB554B56B}.Debug|Any CPU.Build.0 = Debug|Any CPU
		{87C3018F-7A95-414B-BB48-A30CB554B56B}.Debug|Any CPU.Deploy.0 = Debug|Any CPU
		{87C3018F-7A95-414B-BB48-A30CB554B56B}.Debug|iPhone.ActiveCfg = Debug|Any CPU
		{87C3018F-7A95-414B-BB48-A30CB554B56B}.Debug|iPhone.Build.0 = Debug|Any CPU
		{87C3018F-7A95-414B-BB48-A30CB554B56B}.Debug|iPhone.Deploy.0 = Debug|Any CPU
		{87C3018F-7A95-414B-BB48-A30CB554B56B}.Debug|iPhoneSimulator.ActiveCfg = Debug|Any CPU
		{87C3018F-7A95-414B-BB48-A30CB554B56B}.Debug|iPhoneSimulator.Build.0 = Debug|Any CPU
		{87C3018F-7A95-414B-BB48-A30CB554B56B}.Debug|iPhoneSimulator.Deploy.0 = Debug|Any CPU
		{87C3018F-7A95-414B-BB48-A30CB554B56B}.Release|Any CPU.ActiveCfg = Release|Any CPU
		{87C3018F-7A95-414B-BB48-A30CB554B56B}.Release|Any CPU.Build.0 = Release|Any CPU
		{87C3018F-7A95-414B-BB48-A30CB554B56B}.Release|Any CPU.Deploy.0 = Release|Any CPU
		{87C3018F-7A95-414B-BB48-A30CB554B56B}.Release|iPhone.ActiveCfg = Release|Any CPU
		{87C3018F-7A95-414B-BB48-A30CB554B56B}.Release|iPhone.Build.0 = Release|Any CPU
		{87C3018F-7A95-414B-BB48-A30CB554B56B}.Release|iPhone.Deploy.0 = Release|Any CPU
		{87C3018F-7A95-414B-BB48-A30CB554B56B}.Release|iPhoneSimulator.ActiveCfg = Release|Any CPU
		{87C3018F-7A95-414B-BB48-A30CB554B56B}.Release|iPhoneSimulator.Build.0 = Release|Any CPU
		{87C3018F-7A95-414B-BB48-A30CB554B56B}.Release|iPhoneSimulator.Deploy.0 = Release|Any CPU
	EndGlobalSection
	GlobalSection(SolutionProperties) = preSolution
		HideSolutionNode = FALSE
	EndGlobalSection
	GlobalSection(ExtensibilityGlobals) = postSolution
		SolutionGuid = {17D3F35B-87B2-486C-8044-B51A48D9E2C0}
	EndGlobalSection
EndGlobal
